
Microsoft Visual Studio Solution File, Format Version 12.00
# Visual Studio Version 16
VisualStudioVersion = 16.0.31129.286
MinimumVisualStudioVersion = 10.0.40219.1
Project("{FAE04EC0-301F-11D3-BF4B-00C04F79EFBC}") = "Py_on_Csharp_RobotArm", "Py_on_Csharp_RobotArm\Py_on_Csharp_RobotArm.csproj", "{5F8BEC29-EF70-4A17-A48F-14FEA9879421}"
EndProject
Global
	GlobalSection(SolutionConfigurationPlatforms) = preSolution
		Debug|Any CPU = Debug|Any CPU
		Release|Any CPU = Release|Any CPU
	EndGlobalSection
	GlobalSection(ProjectConfigurationPlatforms) = postSolution
		{5F8BEC29-EF70-4A17-A48F-14FEA9879421}.Debug|Any CPU.ActiveCfg = Debug|Any CPU
		{5F8BEC29-EF70-4A17-A48F-14FEA9879421}.Debug|Any CPU.Build.0 = Debug|Any CPU
		{5F8BEC29-EF70-4A17-A48F-14FEA9879421}.Release|Any CPU.ActiveCfg = Release|Any CPU
		{5F8BEC29-EF70-4A17-A48F-14FEA9879421}.Release|Any CPU.Build.0 = Release|Any CPU
	EndGlobalSection
	GlobalSection(SolutionProperties) = preSolution
		HideSolutionNode = FALSE
	EndGlobalSection
	GlobalSection(ExtensibilityGlobals) = postSolution
		SolutionGuid = {086D521C-24A4-42FB-B5AD-D2947134C1D2}
	EndGlobalSection
EndGlobal
